
Microsoft Visual Studio Solution File, Format Version 11.00
# Visual Studio 2010
Project("{FAE04EC0-301F-11D3-BF4B-00C04F79EFBC}") = "WeuiMobile", "WeuiMobile\WeuiMobile.csproj", "{183E4484-BE79-4BEE-B91A-DA98658F9F6E}"
EndProject
Global
	GlobalSection(SolutionConfigurationPlatforms) = preSolution
		Debug|Any CPU = Debug|Any CPU
		Release|Any CPU = Release|Any CPU
	EndGlobalSection
	GlobalSection(ProjectConfigurationPlatforms) = postSolution
		{183E4484-BE79-4BEE-B91A-DA98658F9F6E}.Debug|Any CPU.ActiveCfg = Debug|Any CPU
		{183E4484-BE79-4BEE-B91A-DA98658F9F6E}.Debug|Any CPU.Build.0 = Debug|Any CPU
		{183E4484-BE79-4BEE-B91A-DA98658F9F6E}.Release|Any CPU.ActiveCfg = Release|Any CPU
		{183E4484-BE79-4BEE-B91A-DA98658F9F6E}.Release|Any CPU.Build.0 = Release|Any CPU
	EndGlobalSection
	GlobalSection(SolutionProperties) = preSolution
		HideSolutionNode = FALSE
	EndGlobalSection
EndGlobal
